
Microsoft Visual Studio Solution File, Format Version 12.00
# Visual Studio Version 17
VisualStudioVersion = 17.0.31903.59
MinimumVisualStudioVersion = 10.0.40219.1
Project("{2150E333-8FDC-42A3-9474-1A3956D46DE8}") = "src", "src", "{EA3E5536-344B-4F49-B3D8-FBC36822D716}"
EndProject
Project("{9A19103F-16F7-4668-BE54-9A1E7A4F7556}") = "VirtoCommerce.AspireIntegrationModule.Web", "src\VirtoCommerce.AspireIntegrationModule.Web\VirtoCommerce.AspireIntegrationModule.Web.csproj", "{D91E552D-FD73-4274-B1A4-EB5A313B606E}"
EndProject
Project("{2150E333-8FDC-42A3-9474-1A3956D46DE8}") = "Solution Items", "Solution Items", "{AE063E8A-E1DE-402A-9919-8DFB8B6A2EC4}"
	ProjectSection(SolutionItems) = preProject
		Directory.Build.props = Directory.Build.props
		LICENSE = LICENSE
		module.ignore = module.ignore
		README.md = README.md
		VirtoCommerce.AspireIntegrationModule.sln.DotSettings = VirtoCommerce.AspireIntegrationModule.sln.DotSettings
		.editorconfig = .editorconfig
		.gitignore = .gitignore
	EndProjectSection
EndProject
Global
	GlobalSection(SolutionConfigurationPlatforms) = preSolution
		Debug|Any CPU = Debug|Any CPU
		Release|Any CPU = Release|Any CPU
	EndGlobalSection
	GlobalSection(ProjectConfigurationPlatforms) = postSolution
		{D91E552D-FD73-4274-B1A4-EB5A313B606E}.Debug|Any CPU.ActiveCfg = Debug|Any CPU
		{D91E552D-FD73-4274-B1A4-EB5A313B606E}.Debug|Any CPU.Build.0 = Debug|Any CPU
		{D91E552D-FD73-4274-B1A4-EB5A313B606E}.Release|Any CPU.ActiveCfg = Release|Any CPU
		{D91E552D-FD73-4274-B1A4-EB5A313B606E}.Release|Any CPU.Build.0 = Release|Any CPU
	EndGlobalSection
	GlobalSection(SolutionProperties) = preSolution
		HideSolutionNode = FALSE
	EndGlobalSection
	GlobalSection(NestedProjects) = preSolution
		{D91E552D-FD73-4274-B1A4-EB5A313B606E} = {EA3E5536-344B-4F49-B3D8-FBC36822D716}
	EndGlobalSection
	GlobalSection(ExtensibilityGlobals) = postSolution
		SolutionGuid = {A1B2C3D4-E5F6-7890-ABCD-EF1234567890}
	EndGlobalSection
EndGlobal

